Microsoft Visual Studio Solution File, Format Version 11.00
# Visual Studio 2008

Project("{5EC81FB1-EDB9-9EC9-AA9E-6EA143D4EFE4}") = "Cat_Platformer", "Assembly-CSharp-firstpass.csproj", "{887900C8-6760-BFEB-A639-6DE9E309817A}"
EndProject
Project("{5EC81FB1-EDB9-9EC9-AA9E-6EA143D4EFE4}") = "Cat_Platformer", "Assembly-CSharp.csproj", "{2FA47E54-94B7-BF23-39F6-DFBA7E01CDB2}"
EndProject
Project("{5EC81FB1-EDB9-9EC9-AA9E-6EA143D4EFE4}") = "Cat_Platformer", "Assembly-CSharp-Editor.csproj", "{A695FD05-BF54-E15D-996E-3B8F291AE134}"
EndProject
Global
	GlobalSection(SolutionConfigurationPlatforms) = preSolution
		Debug|Any CPU = Debug|Any CPU
		Release|Any CPU = Release|Any CPU
	EndGlobalSection
	GlobalSection(ProjectConfigurationPlatforms) = postSolution
		{887900C8-6760-BFEB-A639-6DE9E309817A}.Debug|Any CPU.ActiveCfg = Debug|Any CPU
		{887900C8-6760-BFEB-A639-6DE9E309817A}.Debug|Any CPU.Build.0 = Debug|Any CPU
		{887900C8-6760-BFEB-A639-6DE9E309817A}.Release|Any CPU.ActiveCfg = Release|Any CPU
		{887900C8-6760-BFEB-A639-6DE9E309817A}.Release|Any CPU.Build.0 = Release|Any CPU
		{2FA47E54-94B7-BF23-39F6-DFBA7E01CDB2}.Debug|Any CPU.ActiveCfg = Debug|Any CPU
		{2FA47E54-94B7-BF23-39F6-DFBA7E01CDB2}.Debug|Any CPU.Build.0 = Debug|Any CPU
		{2FA47E54-94B7-BF23-39F6-DFBA7E01CDB2}.Release|Any CPU.ActiveCfg = Release|Any CPU
		{2FA47E54-94B7-BF23-39F6-DFBA7E01CDB2}.Release|Any CPU.Build.0 = Release|Any CPU
		{A695FD05-BF54-E15D-996E-3B8F291AE134}.Debug|Any CPU.ActiveCfg = Debug|Any CPU
		{A695FD05-BF54-E15D-996E-3B8F291AE134}.Debug|Any CPU.Build.0 = Debug|Any CPU
		{A695FD05-BF54-E15D-996E-3B8F291AE134}.Release|Any CPU.ActiveCfg = Release|Any CPU
		{A695FD05-BF54-E15D-996E-3B8F291AE134}.Release|Any CPU.Build.0 = Release|Any CPU
	EndGlobalSection
	GlobalSection(SolutionProperties) = preSolution
		HideSolutionNode = FALSE
	EndGlobalSection
	GlobalSection(MonoDevelopProperties) = preSolution
		StartupItem = Assembly-CSharp.csproj
	EndGlobalSection
EndGlobal
